
Microsoft Visual Studio Solution File, Format Version 12.00
# Visual Studio Version 16
VisualStudioVersion = 16.0.31911.196
MinimumVisualStudioVersion = 10.0.40219.1
Project("{FAE04EC0-301F-11D3-BF4B-00C04F79EFBC}") = "pr20", "pr20\pr20.csproj", "{D9B803BE-EC73-4FF6-BEA4-22679B3BFB04}"
EndProject
Global
	GlobalSection(SolutionConfigurationPlatforms) = preSolution
		Debug|Any CPU = Debug|Any CPU
		Release|Any CPU = Release|Any CPU
	EndGlobalSection
	GlobalSection(ProjectConfigurationPlatforms) = postSolution
		{D9B803BE-EC73-4FF6-BEA4-22679B3BFB04}.Debug|Any CPU.ActiveCfg = Debug|Any CPU
		{D9B803BE-EC73-4FF6-BEA4-22679B3BFB04}.Debug|Any CPU.Build.0 = Debug|Any CPU
		{D9B803BE-EC73-4FF6-BEA4-22679B3BFB04}.Release|Any CPU.ActiveCfg = Release|Any CPU
		{D9B803BE-EC73-4FF6-BEA4-22679B3BFB04}.Release|Any CPU.Build.0 = Release|Any CPU
	EndGlobalSection
	GlobalSection(SolutionProperties) = preSolution
		HideSolutionNode = FALSE
	EndGlobalSection
	GlobalSection(ExtensibilityGlobals) = postSolution
		SolutionGuid = {6F7954BB-6263-4F05-B8D4-2D2F671B8D12}
	EndGlobalSection
EndGlobal
